
Microsoft Visual Studio Solution File, Format Version 12.00
# Visual Studio Version 17
VisualStudioVersion = 17.7.34024.191
MinimumVisualStudioVersion = 10.0.40219.1
Project("{FAE04EC0-301F-11D3-BF4B-00C04F79EFBC}") = "LABORATORIO7_Ejercicio4", "LABORATORIO7_Ejercicio4\LABORATORIO7_Ejercicio4.csproj", "{E0B51BE7-A722-459D-8FAC-762B58C510D9}"
EndProject
Global
	GlobalSection(SolutionConfigurationPlatforms) = preSolution
		Debug|Any CPU = Debug|Any CPU
		Release|Any CPU = Release|Any CPU
	EndGlobalSection
	GlobalSection(ProjectConfigurationPlatforms) = postSolution
		{E0B51BE7-A722-459D-8FAC-762B58C510D9}.Debug|Any CPU.ActiveCfg = Debug|Any CPU
		{E0B51BE7-A722-459D-8FAC-762B58C510D9}.Debug|Any CPU.Build.0 = Debug|Any CPU
		{E0B51BE7-A722-459D-8FAC-762B58C510D9}.Release|Any CPU.ActiveCfg = Release|Any CPU
		{E0B51BE7-A722-459D-8FAC-762B58C510D9}.Release|Any CPU.Build.0 = Release|Any CPU
	EndGlobalSection
	GlobalSection(SolutionProperties) = preSolution
		HideSolutionNode = FALSE
	EndGlobalSection
	GlobalSection(ExtensibilityGlobals) = postSolution
		SolutionGuid = {EEA12333-924C-44B7-8F11-FC3E85B22AAD}
	EndGlobalSection
EndGlobal
